
Microsoft Visual Studio Solution File, Format Version 12.00
# Visual Studio Version 17
VisualStudioVersion = 17.13.35919.96 d17.13
MinimumVisualStudioVersion = 10.0.40219.1
Project("{FAE04EC0-301F-11D3-BF4B-00C04F79EFBC}") = "project", "project\project.csproj", "{F9720C1B-5B3B-4118-85C0-6B310B010FD6}"
EndProject
Global
	GlobalSection(SolutionConfigurationPlatforms) = preSolution
		Debug|Any CPU = Debug|Any CPU
		Release|Any CPU = Release|Any CPU
	EndGlobalSection
	GlobalSection(ProjectConfigurationPlatforms) = postSolution
		{F9720C1B-5B3B-4118-85C0-6B310B010FD6}.Debug|Any CPU.ActiveCfg = Debug|Any CPU
		{F9720C1B-5B3B-4118-85C0-6B310B010FD6}.Debug|Any CPU.Build.0 = Debug|Any CPU
		{F9720C1B-5B3B-4118-85C0-6B310B010FD6}.Release|Any CPU.ActiveCfg = Release|Any CPU
		{F9720C1B-5B3B-4118-85C0-6B310B010FD6}.Release|Any CPU.Build.0 = Release|Any CPU
	EndGlobalSection
	GlobalSection(SolutionProperties) = preSolution
		HideSolutionNode = FALSE
	EndGlobalSection
	GlobalSection(ExtensibilityGlobals) = postSolution
		SolutionGuid = {D2721826-0A24-4354-9D84-7A16C012A4E7}
	EndGlobalSection
EndGlobal
